
Microsoft Visual Studio Solution File, Format Version 12.00
Project("{FAE04EC0-301F-11D3-BF4B-00C04F79EFBC}") = "10000", "10000.csproj", "{B961B34C-A543-41B7-AB74-50CC32654A79}"
EndProject
Global
	GlobalSection(SolutionConfigurationPlatforms) = preSolution
		Debug|Any CPU = Debug|Any CPU
		Release|Any CPU = Release|Any CPU
	EndGlobalSection
	GlobalSection(ProjectConfigurationPlatforms) = postSolution
		{B961B34C-A543-41B7-AB74-50CC32654A79}.Debug|Any CPU.ActiveCfg = Debug|Any CPU
		{B961B34C-A543-41B7-AB74-50CC32654A79}.Debug|Any CPU.Build.0 = Debug|Any CPU
		{B961B34C-A543-41B7-AB74-50CC32654A79}.Release|Any CPU.ActiveCfg = Release|Any CPU
		{B961B34C-A543-41B7-AB74-50CC32654A79}.Release|Any CPU.Build.0 = Release|Any CPU
	EndGlobalSection
EndGlobal
